
Microsoft Visual Studio Solution File, Format Version 12.00
# Visual Studio 15
VisualStudioVersion = 15.0.27428.2037
MinimumVisualStudioVersion = 10.0.40219.1
Project("{FAE04EC0-301F-11D3-BF4B-00C04F79EFBC}") = "ICodeThereforeIAm", "ICodeThereforeIAm\ICodeThereforeIAm.csproj", "{04DC1C54-6A0F-4CC4-A6A7-60041C9C853F}"
EndProject
Global
	GlobalSection(SolutionConfigurationPlatforms) = preSolution
		Debug|Any CPU = Debug|Any CPU
		Release|Any CPU = Release|Any CPU
	EndGlobalSection
	GlobalSection(ProjectConfigurationPlatforms) = postSolution
		{04DC1C54-6A0F-4CC4-A6A7-60041C9C853F}.Debug|Any CPU.ActiveCfg = Debug|Any CPU
		{04DC1C54-6A0F-4CC4-A6A7-60041C9C853F}.Debug|Any CPU.Build.0 = Debug|Any CPU
		{04DC1C54-6A0F-4CC4-A6A7-60041C9C853F}.Release|Any CPU.ActiveCfg = Release|Any CPU
		{04DC1C54-6A0F-4CC4-A6A7-60041C9C853F}.Release|Any CPU.Build.0 = Release|Any CPU
	EndGlobalSection
	GlobalSection(SolutionProperties) = preSolution
		HideSolutionNode = FALSE
	EndGlobalSection
	GlobalSection(ExtensibilityGlobals) = postSolution
		SolutionGuid = {205373FD-9F7C-4E96-9D81-BB0758878B55}
	EndGlobalSection
EndGlobal
